
Microsoft Visual Studio Solution File, Format Version 12.00
# Visual Studio Version 16
VisualStudioVersion = 16.0.31515.178
MinimumVisualStudioVersion = 10.0.40219.1
Project("{2150E333-8FDC-42A3-9474-1A3956D46DE8}") = "Drivers", "Drivers", "{83E82D0C-9150-41C6-930D-CDA26C60EF45}"
EndProject
Project("{FAE04EC0-301F-11D3-BF4B-00C04F79EFBC}") = "ModbusDriver", "ModbusDriver\ModbusDriver.csproj", "{8680A8E3-4551-44BD-893C-9EA2006387B1}"
EndProject
Project("{2150E333-8FDC-42A3-9474-1A3956D46DE8}") = "Bases", "Bases", "{5B6DCD67-301F-4573-A84B-5FC519BBA0FA}"
EndProject
Project("{FAE04EC0-301F-11D3-BF4B-00C04F79EFBC}") = "DataService", "DataService\DataService.csproj", "{F393CF8A-4AB6-4454-9636-624B55361570}"
EndProject
Project("{2150E333-8FDC-42A3-9474-1A3956D46DE8}") = "Libraries", "Libraries", "{D95BB903-D435-4F33-A102-3EC6A4376C1E}"
EndProject
Project("{FAE04EC0-301F-11D3-BF4B-00C04F79EFBC}") = "CoreLib", "CoreLib\CoreLib.csproj", "{41B61087-BE20-4E4D-88C0-BCF262A02F8C}"
EndProject
Project("{FAE04EC0-301F-11D3-BF4B-00C04F79EFBC}") = "FileDriver", "FileDriver\FileDriver.csproj", "{47CFAF15-8E7C-4ECF-8B91-509367E519AE}"
EndProject
Project("{2150E333-8FDC-42A3-9474-1A3956D46DE8}") = "Controls", "Controls", "{863EA1B0-7882-42DE-B62B-B8A83B085A42}"
EndProject
Project("{2150E333-8FDC-42A3-9474-1A3956D46DE8}") = "TestExample", "TestExample", "{0DF68FDC-7716-4AEF-8439-AD99C4896B1B}"
EndProject
Project("{FAE04EC0-301F-11D3-BF4B-00C04F79EFBC}") = "SCADATestApp", "SCADATestApp\SCADATestApp.csproj", "{BB737568-A943-4AAB-BDB6-94249F1617E3}"
EndProject
Project("{FAE04EC0-301F-11D3-BF4B-00C04F79EFBC}") = "HMIControl", "HMIControl\HMIControl.csproj", "{7F180C1B-F27F-4F0C-9364-8AA460465579}"
EndProject
Global
	GlobalSection(SolutionConfigurationPlatforms) = preSolution
		Debug|Any CPU = Debug|Any CPU
		Release|Any CPU = Release|Any CPU
	EndGlobalSection
	GlobalSection(ProjectConfigurationPlatforms) = postSolution
		{8680A8E3-4551-44BD-893C-9EA2006387B1}.Debug|Any CPU.ActiveCfg = Debug|Any CPU
		{8680A8E3-4551-44BD-893C-9EA2006387B1}.Debug|Any CPU.Build.0 = Debug|Any CPU
		{8680A8E3-4551-44BD-893C-9EA2006387B1}.Release|Any CPU.ActiveCfg = Release|Any CPU
		{8680A8E3-4551-44BD-893C-9EA2006387B1}.Release|Any CPU.Build.0 = Release|Any CPU
		{F393CF8A-4AB6-4454-9636-624B55361570}.Debug|Any CPU.ActiveCfg = Debug|Any CPU
		{F393CF8A-4AB6-4454-9636-624B55361570}.Debug|Any CPU.Build.0 = Debug|Any CPU
		{F393CF8A-4AB6-4454-9636-624B55361570}.Release|Any CPU.ActiveCfg = Release|Any CPU
		{F393CF8A-4AB6-4454-9636-624B55361570}.Release|Any CPU.Build.0 = Release|Any CPU
		{41B61087-BE20-4E4D-88C0-BCF262A02F8C}.Debug|Any CPU.ActiveCfg = Debug|Any CPU
		{41B61087-BE20-4E4D-88C0-BCF262A02F8C}.Debug|Any CPU.Build.0 = Debug|Any CPU
		{41B61087-BE20-4E4D-88C0-BCF262A02F8C}.Release|Any CPU.ActiveCfg = Release|Any CPU
		{41B61087-BE20-4E4D-88C0-BCF262A02F8C}.Release|Any CPU.Build.0 = Release|Any CPU
		{47CFAF15-8E7C-4ECF-8B91-509367E519AE}.Debug|Any CPU.ActiveCfg = Debug|Any CPU
		{47CFAF15-8E7C-4ECF-8B91-509367E519AE}.Debug|Any CPU.Build.0 = Debug|Any CPU
		{47CFAF15-8E7C-4ECF-8B91-509367E519AE}.Release|Any CPU.ActiveCfg = Release|Any CPU
		{47CFAF15-8E7C-4ECF-8B91-509367E519AE}.Release|Any CPU.Build.0 = Release|Any CPU
		{BB737568-A943-4AAB-BDB6-94249F1617E3}.Debug|Any CPU.ActiveCfg = Debug|Any CPU
		{BB737568-A943-4AAB-BDB6-94249F1617E3}.Debug|Any CPU.Build.0 = Debug|Any CPU
		{BB737568-A943-4AAB-BDB6-94249F1617E3}.Release|Any CPU.ActiveCfg = Release|Any CPU
		{BB737568-A943-4AAB-BDB6-94249F1617E3}.Release|Any CPU.Build.0 = Release|Any CPU
		{7F180C1B-F27F-4F0C-9364-8AA460465579}.Debug|Any CPU.ActiveCfg = Debug|Any CPU
		{7F180C1B-F27F-4F0C-9364-8AA460465579}.Debug|Any CPU.Build.0 = Debug|Any CPU
		{7F180C1B-F27F-4F0C-9364-8AA460465579}.Release|Any CPU.ActiveCfg = Release|Any CPU
		{7F180C1B-F27F-4F0C-9364-8AA460465579}.Release|Any CPU.Build.0 = Release|Any CPU
	EndGlobalSection
	GlobalSection(SolutionProperties) = preSolution
		HideSolutionNode = FALSE
	EndGlobalSection
	GlobalSection(NestedProjects) = preSolution
		{8680A8E3-4551-44BD-893C-9EA2006387B1} = {83E82D0C-9150-41C6-930D-CDA26C60EF45}
		{F393CF8A-4AB6-4454-9636-624B55361570} = {5B6DCD67-301F-4573-A84B-5FC519BBA0FA}
		{41B61087-BE20-4E4D-88C0-BCF262A02F8C} = {D95BB903-D435-4F33-A102-3EC6A4376C1E}
		{47CFAF15-8E7C-4ECF-8B91-509367E519AE} = {83E82D0C-9150-41C6-930D-CDA26C60EF45}
		{BB737568-A943-4AAB-BDB6-94249F1617E3} = {0DF68FDC-7716-4AEF-8439-AD99C4896B1B}
		{7F180C1B-F27F-4F0C-9364-8AA460465579} = {863EA1B0-7882-42DE-B62B-B8A83B085A42}
	EndGlobalSection
	GlobalSection(ExtensibilityGlobals) = postSolution
		SolutionGuid = {A1E1B161-74E3-49F2-89DF-D6E30F44EFE5}
	EndGlobalSection
EndGlobal
