
Microsoft Visual Studio Solution File, Format Version 12.00
# Visual Studio Version 17
VisualStudioVersion = 17.13.35931.197
MinimumVisualStudioVersion = 10.0.40219.1
Project("{FAE04EC0-301F-11D3-BF4B-00C04F79EFBC}") = "HugoErpApp", "HugoErpApp\HugoErpApp.csproj", "{ADA11482-27DB-4465-AF70-C319727E5D74}"
EndProject
Global
	GlobalSection(SolutionConfigurationPlatforms) = preSolution
		Debug|Any CPU = Debug|Any CPU
		Release|Any CPU = Release|Any CPU
	EndGlobalSection
	GlobalSection(ProjectConfigurationPlatforms) = postSolution
		{ADA11482-27DB-4465-AF70-C319727E5D74}.Debug|Any CPU.ActiveCfg = Debug|Any CPU
		{ADA11482-27DB-4465-AF70-C319727E5D74}.Debug|Any CPU.Build.0 = Debug|Any CPU
		{ADA11482-27DB-4465-AF70-C319727E5D74}.Release|Any CPU.ActiveCfg = Release|Any CPU
		{ADA11482-27DB-4465-AF70-C319727E5D74}.Release|Any CPU.Build.0 = Release|Any CPU
	EndGlobalSection
	GlobalSection(SolutionProperties) = preSolution
		HideSolutionNode = FALSE
	EndGlobalSection
	GlobalSection(ExtensibilityGlobals) = postSolution
		SolutionGuid = {933A115E-AB7C-48B2-97FA-15E6B94430E5}
	EndGlobalSection
EndGlobal
